
Microsoft Visual Studio Solution File, Format Version 12.00
# Visual Studio Version 17
VisualStudioVersion = 17.4.33213.308
MinimumVisualStudioVersion = 10.0.40219.1
Project("{FAE04EC0-301F-11D3-BF4B-00C04F79EFBC}") = "CustomIdentity", "CustomIdentity\CustomIdentity.csproj", "{DB6CBA65-2CB8-4F1E-80CF-8920C51E529D}"
EndProject
Global
	GlobalSection(SolutionConfigurationPlatforms) = preSolution
		Debug|Any CPU = Debug|Any CPU
		Release|Any CPU = Release|Any CPU
	EndGlobalSection
	GlobalSection(ProjectConfigurationPlatforms) = postSolution
		{DB6CBA65-2CB8-4F1E-80CF-8920C51E529D}.Debug|Any CPU.ActiveCfg = Debug|Any CPU
		{DB6CBA65-2CB8-4F1E-80CF-8920C51E529D}.Debug|Any CPU.Build.0 = Debug|Any CPU
		{DB6CBA65-2CB8-4F1E-80CF-8920C51E529D}.Release|Any CPU.ActiveCfg = Release|Any CPU
		{DB6CBA65-2CB8-4F1E-80CF-8920C51E529D}.Release|Any CPU.Build.0 = Release|Any CPU
	EndGlobalSection
	GlobalSection(SolutionProperties) = preSolution
		HideSolutionNode = FALSE
	EndGlobalSection
	GlobalSection(ExtensibilityGlobals) = postSolution
		SolutionGuid = {7F22E6CE-0E5F-43B2-B1E0-E55C1B0FFB78}
	EndGlobalSection
EndGlobal
